<?xml version="1.0" encoding="utf-8"?>
<Project ToolsVersion="4.0" xmlns="http://schemas.microsoft.com/developer/msbuild/2003">
  <ItemGroup>
    <Filter Include="Source Files">
      <UniqueIdentifier>{4FC737F1-C7A5-4376-A066-2A32D752A2FF}</UniqueIdentifier>
      <Extensions>cpp;c;cc;cxx;def;odl;idl;hpj;bat;asm;asmx</Extensions>
    </Filter>
    <Filter Include="_Framework">
      <UniqueIdentifier>{f04c9286-e219-4fb7-b306-f9717e9aba86}</UniqueIdentifier>
    </Filter>
    <Filter Include="Source Files\Do NOT modify">
      <UniqueIdentifier>{e92ca29b-4937-4528-bd5c-8e9a35ac565c}</UniqueIdentifier>
    </Filter>
    <Filter Include="Source Files\MODIFY and ADD files here">
      <UniqueIdentifier>{20856119-44cc-42a4-b268-b2dac0a09714}</UniqueIdentifier>
    </Filter>
    <Filter Include="_Test">
      <UniqueIdentifier>{f43af45a-b8b9-4750-bcc6-b8a05663a60d}</UniqueIdentifier>
    </Filter>
  </ItemGroup>
  <ItemGroup>
    <None Include="..\Framework\__DO NOT MODIFY__">
      <Filter>_Framework</Filter>
    </None>
    <None Include="..\Test\__DO NOT MODIFY__">
      <Filter>_Test</Filter>
    </None>
  </ItemGroup>
  <ItemGroup>
    <ClInclude Include="..\Framework\Framework.h">
      <Filter>_Framework</Filter>
    </ClInclude>
    <ClInclude Include="Matrix.h">
      <Filter>Source Files\MODIFY and ADD files here</Filter>
    </ClInclude>
    <ClInclude Include="Vect.h">
      <Filter>Source Files\MODIFY and ADD files here</Filter>
    </ClInclude>
    <ClInclude Include="..\Test\_UnitTestConfiguration.h">
      <Filter>_Test</Filter>
    </ClInclude>
    <ClInclude Include="MathEngine.h">
      <Filter>Source Files\MODIFY and ADD files here</Filter>
    </ClInclude>
    <ClInclude Include="Trig.h">
      <Filter>Source Files\MODIFY and ADD files here</Filter>
    </ClInclude>
    <ClInclude Include="Constants.h">
      <Filter>Source Files\Do NOT modify</Filter>
    </ClInclude>
    <ClInclude Include="Enum.h">
      <Filter>Source Files\Do NOT modify</Filter>
    </ClInclude>
    <ClInclude Include="Util.h">
      <Filter>Source Files\Do NOT modify</Filter>
    </ClInclude>
  </ItemGroup>
  <ItemGroup>
    <ClCompile Include="main.cpp">
      <Filter>Source Files\Do NOT modify</Filter>
    </ClCompile>
    <ClCompile Include="Matrix.cpp">
      <Filter>Source Files\MODIFY and ADD files here</Filter>
    </ClCompile>
    <ClCompile Include="Vect.cpp">
      <Filter>Source Files\MODIFY and ADD files here</Filter>
    </ClCompile>
    <ClCompile Include="..\Test\Combo.cpp">
      <Filter>_Test</Filter>
    </ClCompile>
    <ClCompile Include="..\Test\Matrix_Accessor.cpp">
      <Filter>_Test</Filter>
    </ClCompile>
    <ClCompile Include="..\Test\Matrix_AddSub.cpp">
      <Filter>_Test</Filter>
    </ClCompile>
    <ClCompile Include="..\Test\Matrix_Bracket.cpp">
      <Filter>_Test</Filter>
    </ClCompile>
    <ClCompile Include="..\Test\Matrix_Constructor.cpp">
      <Filter>_Test</Filter>
    </ClCompile>
    <ClCompile Include="..\Test\Matrix_Functions.cpp">
      <Filter>_Test</Filter>
    </ClCompile>
    <ClCompile Include="..\Test\Matrix_Inverse.cpp">
      <Filter>_Test</Filter>
    </ClCompile>
    <ClCompile Include="..\Test\Matrix_Multiply.cpp">
      <Filter>_Test</Filter>
    </ClCompile>
    <ClCompile Include="..\Test\Matrix_Scale.cpp">
      <Filter>_Test</Filter>
    </ClCompile>
    <ClCompile Include="..\Test\Matrix_set.cpp">
      <Filter>_Test</Filter>
    </ClCompile>
    <ClCompile Include="..\Test\Matrix_Special.cpp">
      <Filter>_Test</Filter>
    </ClCompile>
    <ClCompile Include="..\Test\Matrix_unary.cpp">
      <Filter>_Test</Filter>
    </ClCompile>
    <ClCompile Include="..\Test\Vect_Accessors.cpp">
      <Filter>_Test</Filter>
    </ClCompile>
    <ClCompile Include="..\Test\Vect_AddSub.cpp">
      <Filter>_Test</Filter>
    </ClCompile>
    <ClCompile Include="..\Test\Vect_Boolean.cpp">
      <Filter>_Test</Filter>
    </ClCompile>
    <ClCompile Include="..\Test\Vect_Bracket.cpp">
      <Filter>_Test</Filter>
    </ClCompile>
    <ClCompile Include="..\Test\Vect_Constructors.cpp">
      <Filter>_Test</Filter>
    </ClCompile>
    <ClCompile Include="..\Test\Vect_Functions.cpp">
      <Filter>_Test</Filter>
    </ClCompile>
    <ClCompile Include="..\Test\Vect_Matrix.cpp">
      <Filter>_Test</Filter>
    </ClCompile>
    <ClCompile Include="..\Test\Vect_Scale.cpp">
      <Filter>_Test</Filter>
    </ClCompile>
    <ClCompile Include="..\Test\Vect_Set.cpp">
      <Filter>_Test</Filter>
    </ClCompile>
    <ClCompile Include="..\Test\Vect_Start_Here.cpp">
      <Filter>_Test</Filter>
    </ClCompile>
    <ClCompile Include="..\Test\Vect_unary.cpp">
      <Filter>_Test</Filter>
    </ClCompile>
    <ClCompile Include="Trig.cpp">
      <Filter>Source Files\MODIFY and ADD files here</Filter>
    </ClCompile>
    <ClCompile Include="..\Test\Trig_Tests.cpp">
      <Filter>_Test</Filter>
    </ClCompile>
    <ClCompile Include="Util.cpp">
      <Filter>Source Files\Do NOT modify</Filter>
    </ClCompile>
  </ItemGroup>
</Project>